
Microsoft Visual Studio Solution File, Format Version 12.00
# Visual Studio Version 17
VisualStudioVersion = 17.0.31903.59
MinimumVisualStudioVersion = 10.0.40219.1
Project("{FAE04EC0-301F-11D3-BF4B-00C04F79EFBC}") = "AuthServerSimple.Presentation.ServiceHost", "AuthServerSimple.Presentation.ServiceHost\AuthServerSimple.Presentation.ServiceHost.csproj", "{2C3761FF-69CE-4DF0-BAE9-56E9E2B20746}"
EndProject
Project("{FAE04EC0-301F-11D3-BF4B-00C04F79EFBC}") = "AuthServerSimple.Infrastructure.Identity", "AuthServerSimple.Infrastructure.Identity\AuthServerSimple.Infrastructure.Identity.csproj", "{05941343-FEC4-411C-B645-05ED1A96AA39}"
EndProject
Project("{FAE04EC0-301F-11D3-BF4B-00C04F79EFBC}") = "AuthServerSimple.Dtos", "AuthServerSimple.Dtos\AuthServerSimple.Dtos.csproj", "{19E78F52-E514-49A5-ADBD-C935EB9DD1F5}"
EndProject
Project("{FAE04EC0-301F-11D3-BF4B-00C04F79EFBC}") = "AuthServerSimple.Presentation.API", "AuthServerSimple.Presentation.API\AuthServerSimple.Presentation.API.csproj", "{C7505EC9-0137-4582-AA60-53704B4A141F}"
EndProject
Project("{FAE04EC0-301F-11D3-BF4B-00C04F79EFBC}") = "AuthServerSimple.Application", "AuthServerSimple.Application\AuthServerSimple.Application.csproj", "{6A5B6CDE-5789-428E-BCA8-1DCAA556564C}"
EndProject
Project("{FAE04EC0-301F-11D3-BF4B-00C04F79EFBC}") = "AuthServerSimple.Application.Tests", "Tests\AuthServerSimple.Application.Tests\AuthServerSimple.Application.Tests.csproj", "{526FB400-1EE7-4910-8569-CABD075A1328}"
EndProject
Global
	GlobalSection(SolutionConfigurationPlatforms) = preSolution
		Debug|Any CPU = Debug|Any CPU
		Release|Any CPU = Release|Any CPU
	EndGlobalSection
	GlobalSection(SolutionProperties) = preSolution
		HideSolutionNode = FALSE
	EndGlobalSection
	GlobalSection(ProjectConfigurationPlatforms) = postSolution
		{2C3761FF-69CE-4DF0-BAE9-56E9E2B20746}.Debug|Any CPU.ActiveCfg = Debug|Any CPU
		{2C3761FF-69CE-4DF0-BAE9-56E9E2B20746}.Debug|Any CPU.Build.0 = Debug|Any CPU
		{2C3761FF-69CE-4DF0-BAE9-56E9E2B20746}.Release|Any CPU.ActiveCfg = Release|Any CPU
		{2C3761FF-69CE-4DF0-BAE9-56E9E2B20746}.Release|Any CPU.Build.0 = Release|Any CPU
		{05941343-FEC4-411C-B645-05ED1A96AA39}.Debug|Any CPU.ActiveCfg = Debug|Any CPU
		{05941343-FEC4-411C-B645-05ED1A96AA39}.Debug|Any CPU.Build.0 = Debug|Any CPU
		{05941343-FEC4-411C-B645-05ED1A96AA39}.Release|Any CPU.ActiveCfg = Release|Any CPU
		{05941343-FEC4-411C-B645-05ED1A96AA39}.Release|Any CPU.Build.0 = Release|Any CPU
		{19E78F52-E514-49A5-ADBD-C935EB9DD1F5}.Debug|Any CPU.ActiveCfg = Debug|Any CPU
		{19E78F52-E514-49A5-ADBD-C935EB9DD1F5}.Debug|Any CPU.Build.0 = Debug|Any CPU
		{19E78F52-E514-49A5-ADBD-C935EB9DD1F5}.Release|Any CPU.ActiveCfg = Release|Any CPU
		{19E78F52-E514-49A5-ADBD-C935EB9DD1F5}.Release|Any CPU.Build.0 = Release|Any CPU
		{C7505EC9-0137-4582-AA60-53704B4A141F}.Debug|Any CPU.ActiveCfg = Debug|Any CPU
		{C7505EC9-0137-4582-AA60-53704B4A141F}.Debug|Any CPU.Build.0 = Debug|Any CPU
		{C7505EC9-0137-4582-AA60-53704B4A141F}.Release|Any CPU.ActiveCfg = Release|Any CPU
		{C7505EC9-0137-4582-AA60-53704B4A141F}.Release|Any CPU.Build.0 = Release|Any CPU
		{6A5B6CDE-5789-428E-BCA8-1DCAA556564C}.Debug|Any CPU.ActiveCfg = Debug|Any CPU
		{6A5B6CDE-5789-428E-BCA8-1DCAA556564C}.Debug|Any CPU.Build.0 = Debug|Any CPU
		{6A5B6CDE-5789-428E-BCA8-1DCAA556564C}.Release|Any CPU.ActiveCfg = Release|Any CPU
		{6A5B6CDE-5789-428E-BCA8-1DCAA556564C}.Release|Any CPU.Build.0 = Release|Any CPU
		{526FB400-1EE7-4910-8569-CABD075A1328}.Debug|Any CPU.ActiveCfg = Debug|Any CPU
		{526FB400-1EE7-4910-8569-CABD075A1328}.Debug|Any CPU.Build.0 = Debug|Any CPU
		{526FB400-1EE7-4910-8569-CABD075A1328}.Release|Any CPU.ActiveCfg = Release|Any CPU
		{526FB400-1EE7-4910-8569-CABD075A1328}.Release|Any CPU.Build.0 = Release|Any CPU
	EndGlobalSection
EndGlobal
